// !$*UTF8*$!
{
	archiveVersion = 1;
	classes = {
	};
	objectVersion = 56;
	objects = {

/* Begin PBXBuildFile section */
		955902912EF2F16D00082E39 /* FitnessAppHowieApp.swift in Sources */ = {isa = PBXBuildFile; fileRef = 955902902EF2F16D00082E39 /* FitnessAppHowieApp.swift */; };
		955902972EF2F16F00082E39 /* Assets.xcassets in Resources */ = {isa = PBXBuildFile; fileRef = 955902962EF2F16F00082E39 /* Assets.xcassets */; };
		9559029A2EF2F16F00082E39 /* Preview Assets.xcassets in Resources */ = {isa = PBXBuildFile; fileRef = 955902992EF2F16F00082E39 /* Preview Assets.xcassets */; };
		955902A82EF2F2A800082E39 /* NutritionEntry.swift in Sources */ = {isa = PBXBuildFile; fileRef = 955902A22EF2F2A800082E39 /* NutritionEntry.swift */; };
		955902A92EF2F2A800082E39 /* WorkoutRecord.swift in Sources */ = {isa = PBXBuildFile; fileRef = 955902A32EF2F2A800082E39 /* WorkoutRecord.swift */; };
		955902AA2EF2F2A800082E39 /* Enums.swift in Sources */ = {isa = PBXBuildFile; fileRef = 955902A42EF2F2A800082E39 /* Enums.swift */; };
		955902AB2EF2F2A800082E39 /* DailyLog.swift in Sources */ = {isa = PBXBuildFile; fileRef = 955902A52EF2F2A800082E39 /* DailyLog.swift */; };
		955902AC2EF2F2A800082E39 /* ExerciseSet.swift in Sources */ = {isa = PBXBuildFile; fileRef = 955902A62EF2F2A800082E39 /* ExerciseSet.swift */; };
		955902AD2EF2F2A800082E39 /* SetEntry.swift in Sources */ = {isa = PBXBuildFile; fileRef = 955902A72EF2F2A800082E39 /* SetEntry.swift */; };
		955902B72EF2F2C600082E39 /* NutritionDetailView.swift in Sources */ = {isa = PBXBuildFile; fileRef = 955902AE2EF2F2C600082E39 /* NutritionDetailView.swift */; };
		955902B82EF2F2C600082E39 /* WorkoutLoggerView.swift in Sources */ = {isa = PBXBuildFile; fileRef = 955902AF2EF2F2C600082E39 /* WorkoutLoggerView.swift */; };
		955902B92EF2F2C600082E39 /* WorkoutDetailView.swift in Sources */ = {isa = PBXBuildFile; fileRef = 955902B02EF2F2C600082E39 /* WorkoutDetailView.swift */; };
		955902BA2EF2F2C600082E39 /* DailyLogFormView.swift in Sources */ = {isa = PBXBuildFile; fileRef = 955902B12EF2F2C600082E39 /* DailyLogFormView.swift */; };
		955902BB2EF2F2C600082E39 /* AnalyticsView.swift in Sources */ = {isa = PBXBuildFile; fileRef = 955902B22EF2F2C600082E39 /* AnalyticsView.swift */; };
		955902BC2EF2F2C600082E39 /* AddWorkoutView.swift in Sources */ = {isa = PBXBuildFile; fileRef = 955902B32EF2F2C600082E39 /* AddWorkoutView.swift */; };
		955902BD2EF2F2C600082E39 /* NutritionJournalView.swift in Sources */ = {isa = PBXBuildFile; fileRef = 955902B42EF2F2C600082E39 /* NutritionJournalView.swift */; };
		955902BE2EF2F2C600082E39 /* ContentView.swift in Sources */ = {isa = PBXBuildFile; fileRef = 955902B52EF2F2C600082E39 /* ContentView.swift */; };
		955902BF2EF2F2C600082E39 /* DashboardView.swift in Sources */ = {isa = PBXBuildFile; fileRef = 955902B62EF2F2C600082E39 /* DashboardView.swift */; };
		95BF58F82EF30E6900DB012F /* EditWorkoutView.swift in Sources */ = {isa = PBXBuildFile; fileRef = 95BF58F72EF30E6900DB012F /* EditWorkoutView.swift */; };
		95BF58FA2EF30F0200DB012F /* EditNutritionEntryView.swift in Sources */ = {isa = PBXBuildFile; fileRef = 95BF58F92EF30F0200DB012F /* EditNutritionEntryView.swift */; };
		95BF58FC2EF3AE3F00DB012F /* HandPortionInputView.swift in Sources */ = {isa = PBXBuildFile; fileRef = 95BF58FB2EF3AE3F00DB012F /* HandPortionInputView.swift */; };
		95BF58FE2EF3B01200DB012F /* PendingNutritionView.swift in Sources */ = {isa = PBXBuildFile; fileRef = 95BF58FD2EF3B01200DB012F /* PendingNutritionView.swift */; };
		95BF59002EF3DBF500DB012F /* MediaHelper.swift in Sources */ = {isa = PBXBuildFile; fileRef = 95BF58FF2EF3DBF500DB012F /* MediaHelper.swift */; };
		95BF59022EF3F44F00DB012F /* DailyHistoryView.swift in Sources */ = {isa = PBXBuildFile; fileRef = 95BF59012EF3F44F00DB012F /* DailyHistoryView.swift */; };
		95BF59062EF4246200DB012F /* AddNutritionEntryView.swift in Sources */ = {isa = PBXBuildFile; fileRef = 95BF59052EF4246200DB012F /* AddNutritionEntryView.swift */; };
/* End PBXBuildFile section */

/* Begin PBXFileReference section */
		9559028D2EF2F16D00082E39 /* FitnessAppHowie.app */ = {isa = PBXFileReference; explicitFileType = wrapper.application; includeInIndex = 0; path = FitnessAppHowie.app; sourceTree = BUILT_PRODUCTS_DIR; };
		955902902EF2F16D00082E39 /* FitnessAppHowieApp.swift */ = {isa = PBXFileReference; lastKnownFileType = sourcecode.swift; path = FitnessAppHowieApp.swift; sourceTree = "<group>"; };
		955902962EF2F16F00082E39 /* Assets.xcassets */ = {isa = PBXFileReference; lastKnownFileType = folder.assetcatalog; path = Assets.xcassets; sourceTree = "<group>"; };
		955902992EF2F16F00082E39 /* Preview Assets.xcassets */ = {isa = PBXFileReference; lastKnownFileType = folder.assetcatalog; path = "Preview Assets.xcassets"; sourceTree = "<group>"; };
		955902A22EF2F2A800082E39 /* NutritionEntry.swift */ = {isa = PBXFileReference; fileEncoding = 4; lastKnownFileType = sourcecode.swift; path = NutritionEntry.swift; sourceTree = "<group>"; };
		955902A32EF2F2A800082E39 /* WorkoutRecord.swift */ = {isa = PBXFileReference; fileEncoding = 4; lastKnownFileType = sourcecode.swift; path = WorkoutRecord.swift; sourceTree = "<group>"; };
		955902A42EF2F2A800082E39 /* Enums.swift */ = {isa = PBXFileReference; fileEncoding = 4; lastKnownFileType = sourcecode.swift; path = Enums.swift; sourceTree = "<group>"; };
		955902A52EF2F2A800082E39 /* DailyLog.swift */ = {isa = PBXFileReference; fileEncoding = 4; lastKnownFileType = sourcecode.swift; path = DailyLog.swift; sourceTree = "<group>"; };
		955902A62EF2F2A800082E39 /* ExerciseSet.swift */ = {isa = PBXFileReference; fileEncoding = 4; lastKnownFileType = sourcecode.swift; path = ExerciseSet.swift; sourceTree = "<group>"; };
		955902A72EF2F2A800082E39 /* SetEntry.swift */ = {isa = PBXFileReference; fileEncoding = 4; lastKnownFileType = sourcecode.swift; path = SetEntry.swift; sourceTree = "<group>"; };
		955902AE2EF2F2C600082E39 /* NutritionDetailView.swift */ = {isa = PBXFileReference; fileEncoding = 4; lastKnownFileType = sourcecode.swift; path = NutritionDetailView.swift; sourceTree = "<group>"; };
		955902AF2EF2F2C600082E39 /* WorkoutLoggerView.swift */ = {isa = PBXFileReference; fileEncoding = 4; lastKnownFileType = sourcecode.swift; path = WorkoutLoggerView.swift; sourceTree = "<group>"; };
		955902B02EF2F2C600082E39 /* WorkoutDetailView.swift */ = {isa = PBXFileReference; fileEncoding = 4; lastKnownFileType = sourcecode.swift; path = WorkoutDetailView.swift; sourceTree = "<group>"; };
		955902B12EF2F2C600082E39 /* DailyLogFormView.swift */ = {isa = PBXFileReference; fileEncoding = 4; lastKnownFileType = sourcecode.swift; path = DailyLogFormView.swift; sourceTree = "<group>"; };
		955902B22EF2F2C600082E39 /* AnalyticsView.swift */ = {isa = PBXFileReference; fileEncoding = 4; lastKnownFileType = sourcecode.swift; path = AnalyticsView.swift; sourceTree = "<group>"; };
		955902B32EF2F2C600082E39 /* AddWorkoutView.swift */ = {isa = PBXFileReference; fileEncoding = 4; lastKnownFileType = sourcecode.swift; path = AddWorkoutView.swift; sourceTree = "<group>"; };
		955902B42EF2F2C600082E39 /* NutritionJournalView.swift */ = {isa = PBXFileReference; fileEncoding = 4; lastKnownFileType = sourcecode.swift; path = NutritionJournalView.swift; sourceTree = "<group>"; };
		955902B52EF2F2C600082E39 /* ContentView.swift */ = {isa = PBXFileReference; fileEncoding = 4; lastKnownFileType = sourcecode.swift; path = ContentView.swift; sourceTree = "<group>"; };
		955902B62EF2F2C600082E39 /* DashboardView.swift */ = {isa = PBXFileReference; fileEncoding = 4; lastKnownFileType = sourcecode.swift; path = DashboardView.swift; sourceTree = "<group>"; };
		955902C02EF2FBDA00082E39 /* FitnessAppHowie.entitlements */ = {isa = PBXFileReference; lastKnownFileType = text.plist.entitlements; path = FitnessAppHowie.entitlements; sourceTree = "<group>"; };
		95BF58F72EF30E6900DB012F /* EditWorkoutView.swift */ = {isa = PBXFileReference; lastKnownFileType = sourcecode.swift; path = EditWorkoutView.swift; sourceTree = "<group>"; };
		95BF58F92EF30F0200DB012F /* EditNutritionEntryView.swift */ = {isa = PBXFileReference; lastKnownFileType = sourcecode.swift; path = EditNutritionEntryView.swift; sourceTree = "<group>"; };
		95BF58FB2EF3AE3F00DB012F /* HandPortionInputView.swift */ = {isa = PBXFileReference; lastKnownFileType = sourcecode.swift; path = HandPortionInputView.swift; sourceTree = "<group>"; };
		95BF58FD2EF3B01200DB012F /* PendingNutritionView.swift */ = {isa = PBXFileReference; lastKnownFileType = sourcecode.swift; path = PendingNutritionView.swift; sourceTree = "<group>"; };
		95BF58FF2EF3DBF500DB012F /* MediaHelper.swift */ = {isa = PBXFileReference; lastKnownFileType = sourcecode.swift; path = MediaHelper.swift; sourceTree = "<group>"; };
		95BF59012EF3F44F00DB012F /* DailyHistoryView.swift */ = {isa = PBXFileReference; lastKnownFileType = sourcecode.swift; path = DailyHistoryView.swift; sourceTree = "<group>"; };
		95BF59052EF4246200DB012F /* AddNutritionEntryView.swift */ = {isa = PBXFileReference; lastKnownFileType = sourcecode.swift; path = AddNutritionEntryView.swift; sourceTree = "<group>"; };
/* End PBXFileReference section */

/* Begin PBXFrameworksBuildPhase section */
		9559028A2EF2F16D00082E39 /* Frameworks */ = {
			isa = PBXFrameworksBuildPhase;
			buildActionMask = 2147483647;
			files = (
			);
			runOnlyForDeploymentPostprocessing = 0;
		};
/* End PBXFrameworksBuildPhase section */

/* Begin PBXGroup section */
		955902842EF2F16D00082E39 = {
			isa = PBXGroup;
			children = (
				9559028F2EF2F16D00082E39 /* FitnessAppHowie */,
				9559028E2EF2F16D00082E39 /* Products */,
			);
			sourceTree = "<group>";
		};
		9559028E2EF2F16D00082E39 /* Products */ = {
			isa = PBXGroup;
			children = (
				9559028D2EF2F16D00082E39 /* FitnessAppHowie.app */,
			);
			name = Products;
			sourceTree = "<group>";
		};
		9559028F2EF2F16D00082E39 /* FitnessAppHowie */ = {
			isa = PBXGroup;
			children = (
				955902C02EF2FBDA00082E39 /* FitnessAppHowie.entitlements */,
				955902A12EF2F23E00082E39 /* Views */,
				955902A02EF2F23400082E39 /* Models */,
				955902902EF2F16D00082E39 /* FitnessAppHowieApp.swift */,
				955902962EF2F16F00082E39 /* Assets.xcassets */,
				955902982EF2F16F00082E39 /* Preview Content */,
			);
			path = FitnessAppHowie;
			sourceTree = "<group>";
		};
		955902982EF2F16F00082E39 /* Preview Content */ = {
			isa = PBXGroup;
			children = (
				955902992EF2F16F00082E39 /* Preview Assets.xcassets */,
			);
			path = "Preview Content";
			sourceTree = "<group>";
		};
		955902A02EF2F23400082E39 /* Models */ = {
			isa = PBXGroup;
			children = (
				955902A52EF2F2A800082E39 /* DailyLog.swift */,
				955902A42EF2F2A800082E39 /* Enums.swift */,
				955902A62EF2F2A800082E39 /* ExerciseSet.swift */,
				955902A22EF2F2A800082E39 /* NutritionEntry.swift */,
				955902A72EF2F2A800082E39 /* SetEntry.swift */,
				955902A32EF2F2A800082E39 /* WorkoutRecord.swift */,
				95BF58FF2EF3DBF500DB012F /* MediaHelper.swift */,
			);
			path = Models;
			sourceTree = "<group>";
		};
		955902A12EF2F23E00082E39 /* Views */ = {
			isa = PBXGroup;
			children = (
				955902B32EF2F2C600082E39 /* AddWorkoutView.swift */,
				955902B22EF2F2C600082E39 /* AnalyticsView.swift */,
				955902B52EF2F2C600082E39 /* ContentView.swift */,
				955902B12EF2F2C600082E39 /* DailyLogFormView.swift */,
				955902B62EF2F2C600082E39 /* DashboardView.swift */,
				955902AE2EF2F2C600082E39 /* NutritionDetailView.swift */,
				955902B42EF2F2C600082E39 /* NutritionJournalView.swift */,
				955902B02EF2F2C600082E39 /* WorkoutDetailView.swift */,
				955902AF2EF2F2C600082E39 /* WorkoutLoggerView.swift */,
				95BF58F72EF30E6900DB012F /* EditWorkoutView.swift */,
				95BF58F92EF30F0200DB012F /* EditNutritionEntryView.swift */,
				95BF58FB2EF3AE3F00DB012F /* HandPortionInputView.swift */,
				95BF58FD2EF3B01200DB012F /* PendingNutritionView.swift */,
				95BF59012EF3F44F00DB012F /* DailyHistoryView.swift */,
				95BF59052EF4246200DB012F /* AddNutritionEntryView.swift */,
			);
			path = Views;
			sourceTree = "<group>";
		};
/* End PBXGroup section */

/* Begin PBXNativeTarget section */
		9559028C2EF2F16D00082E39 /* FitnessAppHowie */ = {
			isa = PBXNativeTarget;
			buildConfigurationList = 9559029D2EF2F16F00082E39 /* Build configuration list for PBXNativeTarget "FitnessAppHowie" */;
			buildPhases = (
				955902892EF2F16D00082E39 /* Sources */,
				9559028A2EF2F16D00082E39 /* Frameworks */,
				9559028B2EF2F16D00082E39 /* Resources */,
			);
			buildRules = (
			);
			dependencies = (
			);
			name = FitnessAppHowie;
			productName = FitnessAppHowie;
			productReference = 9559028D2EF2F16D00082E39 /* FitnessAppHowie.app */;
			productType = "com.apple.product-type.application";
		};
/* End PBXNativeTarget section */

/* Begin PBXProject section */
		955902852EF2F16D00082E39 /* Project object */ = {
			isa = PBXProject;
			attributes = {
				BuildIndependentTargetsInParallel = 1;
				LastSwiftUpdateCheck = 1540;
				LastUpgradeCheck = 1540;
				TargetAttributes = {
					9559028C2EF2F16D00082E39 = {
						CreatedOnToolsVersion = 15.4;
					};
				};
			};
			buildConfigurationList = 955902882EF2F16D00082E39 /* Build configuration list for PBXProject "FitnessAppHowie" */;
			compatibilityVersion = "Xcode 14.0";
			developmentRegion = en;
			hasScannedForEncodings = 0;
			knownRegions = (
				en,
				Base,
			);
			mainGroup = 955902842EF2F16D00082E39;
			productRefGroup = 9559028E2EF2F16D00082E39 /* Products */;
			projectDirPath = "";
			projectRoot = "";
			targets = (
				9559028C2EF2F16D00082E39 /* FitnessAppHowie */,
			);
		};
/* End PBXProject section */

/* Begin PBXResourcesBuildPhase section */
		9559028B2EF2F16D00082E39 /* Resources */ = {
			isa = PBXResourcesBuildPhase;
			buildActionMask = 2147483647;
			files = (
				9559029A2EF2F16F00082E39 /* Preview Assets.xcassets in Resources */,
				955902972EF2F16F00082E39 /* Assets.xcassets in Resources */,
			);
			runOnlyForDeploymentPostprocessing = 0;
		};
/* End PBXResourcesBuildPhase section */

/* Begin PBXSourcesBuildPhase section */
		955902892EF2F16D00082E39 /* Sources */ = {
			isa = PBXSourcesBuildPhase;
			buildActionMask = 2147483647;
			files = (
				955902AC2EF2F2A800082E39 /* ExerciseSet.swift in Sources */,
				95BF58F82EF30E6900DB012F /* EditWorkoutView.swift in Sources */,
				955902BF2EF2F2C600082E39 /* DashboardView.swift in Sources */,
				95BF59002EF3DBF500DB012F /* MediaHelper.swift in Sources */,
				955902B92EF2F2C600082E39 /* WorkoutDetailView.swift in Sources */,
				955902912EF2F16D00082E39 /* FitnessAppHowieApp.swift in Sources */,
				955902AD2EF2F2A800082E39 /* SetEntry.swift in Sources */,
				95BF59022EF3F44F00DB012F /* DailyHistoryView.swift in Sources */,
				955902A92EF2F2A800082E39 /* WorkoutRecord.swift in Sources */,
				955902AB2EF2F2A800082E39 /* DailyLog.swift in Sources */,
				95BF58FC2EF3AE3F00DB012F /* HandPortionInputView.swift in Sources */,
				955902AA2EF2F2A800082E39 /* Enums.swift in Sources */,
				955902BA2EF2F2C600082E39 /* DailyLogFormView.swift in Sources */,
				955902B72EF2F2C600082E39 /* NutritionDetailView.swift in Sources */,
				955902BB2EF2F2C600082E39 /* AnalyticsView.swift in Sources */,
				95BF58FE2EF3B01200DB012F /* PendingNutritionView.swift in Sources */,
				955902B82EF2F2C600082E39 /* WorkoutLoggerView.swift in Sources */,
				955902BE2EF2F2C600082E39 /* ContentView.swift in Sources */,
				955902BC2EF2F2C600082E39 /* AddWorkoutView.swift in Sources */,
				95BF59062EF4246200DB012F /* AddNutritionEntryView.swift in Sources */,
				955902A82EF2F2A800082E39 /* NutritionEntry.swift in Sources */,
				95BF58FA2EF30F0200DB012F /* EditNutritionEntryView.swift in Sources */,
				955902BD2EF2F2C600082E39 /* NutritionJournalView.swift in Sources */,
			);
			runOnlyForDeploymentPostprocessing = 0;
		};
/* End PBXSourcesBuildPhase section */

/* Begin XCBuildConfiguration section */
		9559029B2EF2F16F00082E39 /* Debug */ = {
			isa = XCBuildConfiguration;
			buildSettings = {
				ALWAYS_SEARCH_USER_PATHS = NO;
				ASSETCATALOG_COMPILER_GENERATE_SWIFT_ASSET_SYMBOL_EXTENSIONS = YES;
				CLANG_ANALYZER_NONNULL = YES;
				CLANG_ANALYZER_NUMBER_OBJECT_CONVERSION = YES_AGGRESSIVE;
				CLANG_CXX_LANGUAGE_STANDARD = "gnu++20";
				CLANG_ENABLE_MODULES = YES;
				CLANG_ENABLE_OBJC_ARC = YES;
				CLANG_ENABLE_OBJC_WEAK = YES;
				CLANG_WARN_BLOCK_CAPTURE_AUTORELEASING = YES;
				CLANG_WARN_BOOL_CONVERSION = YES;
				CLANG_WARN_COMMA = YES;
				CLANG_WARN_CONSTANT_CONVERSION = YES;
				CLANG_WARN_DEPRECATED_OBJC_IMPLEMENTATIONS = YES;
				CLANG_WARN_DIRECT_OBJC_ISA_USAGE = YES_ERROR;
				CLANG_WARN_DOCUMENTATION_COMMENTS = YES;
				CLANG_WARN_EMPTY_BODY = YES;
				CLANG_WARN_ENUM_CONVERSION = YES;
				CLANG_WARN_INFINITE_RECURSION = YES;
				CLANG_WARN_INT_CONVERSION = YES;
				CLANG_WARN_NON_LITERAL_NULL_CONVERSION = YES;
				CLANG_WARN_OBJC_IMPLICIT_RETAIN_SELF = YES;
				CLANG_WARN_OBJC_LITERAL_CONVERSION = YES;
				CLANG_WARN_OBJC_ROOT_CLASS = YES_ERROR;
				CLANG_WARN_QUOTED_INCLUDE_IN_FRAMEWORK_HEADER = YES;
				CLANG_WARN_RANGE_LOOP_ANALYSIS = YES;
				CLANG_WARN_STRICT_PROTOTYPES = YES;
				CLANG_WARN_SUSPICIOUS_MOVE = YES;
				CLANG_WARN_UNGUARDED_AVAILABILITY = YES_AGGRESSIVE;
				CLANG_WARN_UNREACHABLE_CODE = YES;
				CLANG_WARN__DUPLICATE_METHOD_MATCH = YES;
				COPY_PHASE_STRIP = NO;
				DEBUG_INFORMATION_FORMAT = dwarf;
				ENABLE_STRICT_OBJC_MSGSEND = YES;
				ENABLE_TESTABILITY = YES;
				ENABLE_USER_SCRIPT_SANDBOXING = YES;
				GCC_C_LANGUAGE_STANDARD = gnu17;
				GCC_DYNAMIC_NO_PIC = NO;
				GCC_NO_COMMON_BLOCKS = YES;
				GCC_OPTIMIZATION_LEVEL = 0;
				GCC_PREPROCESSOR_DEFINITIONS = (
					"DEBUG=1",
					"$(inherited)",
				);
				GCC_WARN_64_TO_32_BIT_CONVERSION = YES;
				GCC_WARN_ABOUT_RETURN_TYPE = YES_ERROR;
				GCC_WARN_UNDECLARED_SELECTOR = YES;
				GCC_WARN_UNINITIALIZED_AUTOS = YES_AGGRESSIVE;
				GCC_WARN_UNUSED_FUNCTION = YES;
				GCC_WARN_UNUSED_VARIABLE = YES;
				IPHONEOS_DEPLOYMENT_TARGET = 17.5;
				LOCALIZATION_PREFERS_STRING_CATALOGS = YES;
				MTL_ENABLE_DEBUG_INFO = INCLUDE_SOURCE;
				MTL_FAST_MATH = YES;
				ONLY_ACTIVE_ARCH = YES;
				SDKROOT = iphoneos;
				SWIFT_ACTIVE_COMPILATION_CONDITIONS = "DEBUG $(inherited)";
				SWIFT_OPTIMIZATION_LEVEL = "-Onone";
			};
			name = Debug;
		};
		9559029C2EF2F16F00082E39 /* Release */ = {
			isa = XCBuildConfiguration;
			buildSettings = {
				ALWAYS_SEARCH_USER_PATHS = NO;
				ASSETCATALOG_COMPILER_GENERATE_SWIFT_ASSET_SYMBOL_EXTENSIONS = YES;
				CLANG_ANALYZER_NONNULL = YES;
				CLANG_ANALYZER_NUMBER_OBJECT_CONVERSION = YES_AGGRESSIVE;
				CLANG_CXX_LANGUAGE_STANDARD = "gnu++20";
				CLANG_ENABLE_MODULES = YES;
				CLANG_ENABLE_OBJC_ARC = YES;
				CLANG_ENABLE_OBJC_WEAK = YES;
				CLANG_WARN_BLOCK_CAPTURE_AUTORELEASING = YES;
				CLANG_WARN_BOOL_CONVERSION = YES;
				CLANG_WARN_COMMA = YES;
				CLANG_WARN_CONSTANT_CONVERSION = YES;
				CLANG_WARN_DEPRECATED_OBJC_IMPLEMENTATIONS = YES;
				CLANG_WARN_DIRECT_OBJC_ISA_USAGE = YES_ERROR;
				CLANG_WARN_DOCUMENTATION_COMMENTS = YES;
				CLANG_WARN_EMPTY_BODY = YES;
				CLANG_WARN_ENUM_CONVERSION = YES;
				CLANG_WARN_INFINITE_RECURSION = YES;
				CLANG_WARN_INT_CONVERSION = YES;
				CLANG_WARN_NON_LITERAL_NULL_CONVERSION = YES;
				CLANG_WARN_OBJC_IMPLICIT_RETAIN_SELF = YES;
				CLANG_WARN_OBJC_LITERAL_CONVERSION = YES;
				CLANG_WARN_OBJC_ROOT_CLASS = YES_ERROR;
				CLANG_WARN_QUOTED_INCLUDE_IN_FRAMEWORK_HEADER = YES;
				CLANG_WARN_RANGE_LOOP_ANALYSIS = YES;
				CLANG_WARN_STRICT_PROTOTYPES = YES;
				CLANG_WARN_SUSPICIOUS_MOVE = YES;
				CLANG_WARN_UNGUARDED_AVAILABILITY = YES_AGGRESSIVE;
				CLANG_WARN_UNREACHABLE_CODE = YES;
				CLANG_WARN__DUPLICATE_METHOD_MATCH = YES;
				COPY_PHASE_STRIP = NO;
				DEBUG_INFORMATION_FORMAT = "dwarf-with-dsym";
				ENABLE_NS_ASSERTIONS = NO;
				ENABLE_STRICT_OBJC_MSGSEND = YES;
				ENABLE_USER_SCRIPT_SANDBOXING = YES;
				GCC_C_LANGUAGE_STANDARD = gnu17;
				GCC_NO_COMMON_BLOCKS = YES;
				GCC_WARN_64_TO_32_BIT_CONVERSION = YES;
				GCC_WARN_ABOUT_RETURN_TYPE = YES_ERROR;
				GCC_WARN_UNDECLARED_SELECTOR = YES;
				GCC_WARN_UNINITIALIZED_AUTOS = YES_AGGRESSIVE;
				GCC_WARN_UNUSED_FUNCTION = YES;
				GCC_WARN_UNUSED_VARIABLE = YES;
				IPHONEOS_DEPLOYMENT_TARGET = 17.5;
				LOCALIZATION_PREFERS_STRING_CATALOGS = YES;
				MTL_ENABLE_DEBUG_INFO = NO;
				MTL_FAST_MATH = YES;
				SDKROOT = iphoneos;
				SWIFT_COMPILATION_MODE = wholemodule;
				VALIDATE_PRODUCT = YES;
			};
			name = Release;
		};
		9559029E2EF2F16F00082E39 /* Debug */ = {
			isa = XCBuildConfiguration;
			buildSettings = {
				ASSETCATALOG_COMPILER_APPICON_NAME = AppIcon;
				ASSETCATALOG_COMPILER_GLOBAL_ACCENT_COLOR_NAME = AccentColor;
				CODE_SIGN_ENTITLEMENTS = FitnessAppHowie/FitnessAppHowie.entitlements;
				CODE_SIGN_STYLE = Automatic;
				CURRENT_PROJECT_VERSION = 1;
				DEVELOPMENT_ASSET_PATHS = "\"FitnessAppHowie/Preview Content\"";
				DEVELOPMENT_TEAM = SLVC5X7592;
				ENABLE_PREVIEWS = YES;
				GENERATE_INFOPLIST_FILE = YES;
				INFOPLIST_KEY_UIApplicationSceneManifest_Generation = YES;
				INFOPLIST_KEY_UIApplicationSupportsIndirectInputEvents = YES;
				INFOPLIST_KEY_UILaunchScreen_Generation = YES;
				INFOPLIST_KEY_UISupportedInterfaceOrientations_iPad = "UIInterfaceOrientationPortrait UIInterfaceOrientationPortraitUpsideDown UIInterfaceOrientationLandscapeLeft UIInterfaceOrientationLandscapeRight";
				INFOPLIST_KEY_UISupportedInterfaceOrientations_iPhone = "UIInterfaceOrientationPortrait UIInterfaceOrientationLandscapeLeft UIInterfaceOrientationLandscapeRight";
				LD_RUNPATH_SEARCH_PATHS = (
					"$(inherited)",
					"@executable_path/Frameworks",
				);
				MARKETING_VERSION = 1.0;
				PRODUCT_BUNDLE_IDENTIFIER = ios.FitnessAppHowie;
				PRODUCT_NAME = "$(TARGET_NAME)";
				SWIFT_EMIT_LOC_STRINGS = YES;
				SWIFT_VERSION = 5.0;
				TARGETED_DEVICE_FAMILY = "1,2";
			};
			name = Debug;
		};
		9559029F2EF2F16F00082E39 /* Release */ = {
			isa = XCBuildConfiguration;
			buildSettings = {
				ASSETCATALOG_COMPILER_APPICON_NAME = AppIcon;
				ASSETCATALOG_COMPILER_GLOBAL_ACCENT_COLOR_NAME = AccentColor;
				CODE_SIGN_ENTITLEMENTS = FitnessAppHowie/FitnessAppHowie.entitlements;
				CODE_SIGN_STYLE = Automatic;
				CURRENT_PROJECT_VERSION = 1;
				DEVELOPMENT_ASSET_PATHS = "\"FitnessAppHowie/Preview Content\"";
				DEVELOPMENT_TEAM = SLVC5X7592;
				ENABLE_PREVIEWS = YES;
				GENERATE_INFOPLIST_FILE = YES;
				INFOPLIST_KEY_UIApplicationSceneManifest_Generation = YES;
				INFOPLIST_KEY_UIApplicationSupportsIndirectInputEvents = YES;
				INFOPLIST_KEY_UILaunchScreen_Generation = YES;
				INFOPLIST_KEY_UISupportedInterfaceOrientations_iPad = "UIInterfaceOrientationPortrait UIInterfaceOrientationPortraitUpsideDown UIInterfaceOrientationLandscapeLeft UIInterfaceOrientationLandscapeRight";
				INFOPLIST_KEY_UISupportedInterfaceOrientations_iPhone = "UIInterfaceOrientationPortrait UIInterfaceOrientationLandscapeLeft UIInterfaceOrientationLandscapeRight";
				LD_RUNPATH_SEARCH_PATHS = (
					"$(inherited)",
					"@executable_path/Frameworks",
				);
				MARKETING_VERSION = 1.0;
				PRODUCT_BUNDLE_IDENTIFIER = ios.FitnessAppHowie;
				PRODUCT_NAME = "$(TARGET_NAME)";
				SWIFT_EMIT_LOC_STRINGS = YES;
				SWIFT_VERSION = 5.0;
				TARGETED_DEVICE_FAMILY = "1,2";
			};
			name = Release;
		};
/* End XCBuildConfiguration section */

/* Begin XCConfigurationList section */
		955902882EF2F16D00082E39 /* Build configuration list for PBXProject "FitnessAppHowie" */ = {
			isa = XCConfigurationList;
			buildConfigurations = (
				9559029B2EF2F16F00082E39 /* Debug */,
				9559029C2EF2F16F00082E39 /* Release */,
			);
			defaultConfigurationIsVisible = 0;
			defaultConfigurationName = Release;
		};
		9559029D2EF2F16F00082E39 /* Build configuration list for PBXNativeTarget "FitnessAppHowie" */ = {
			isa = XCConfigurationList;
			buildConfigurations = (
				9559029E2EF2F16F00082E39 /* Debug */,
				9559029F2EF2F16F00082E39 /* Release */,
			);
			defaultConfigurationIsVisible = 0;
			defaultConfigurationName = Release;
		};
/* End XCConfigurationList section */
	};
	rootObject = 955902852EF2F16D00082E39 /* Project object */;
}
